
Microsoft Visual Studio Solution File, Format Version 12.00
# Visual Studio Version 17
VisualStudioVersion = 17.0.31903.59
MinimumVisualStudioVersion = 10.0.40219.1
Project("{FAE04EC0-301F-11D3-BF4B-00C04F79EFBC}") = "TargetProject", "TargetProject\TargetProject.csproj", "{13BE2859-FAF9-4B45-9C06-D8255514BEAD}"
EndProject
Project("{FAE04EC0-301F-11D3-BF4B-00C04F79EFBC}") = "TestProject", "TestProject\TestProject.csproj", "{601E062E-0698-4427-8C79-773331EB139B}"
EndProject
Global
	GlobalSection(SolutionConfigurationPlatforms) = preSolution
		Debug|Any CPU = Debug|Any CPU
		Release|Any CPU = Release|Any CPU
	EndGlobalSection
	GlobalSection(SolutionProperties) = preSolution
		HideSolutionNode = FALSE
	EndGlobalSection
	GlobalSection(ProjectConfigurationPlatforms) = postSolution
		{13BE2859-FAF9-4B45-9C06-D8255514BEAD}.Debug|Any CPU.ActiveCfg = Debug|Any CPU
		{13BE2859-FAF9-4B45-9C06-D8255514BEAD}.Debug|Any CPU.Build.0 = Debug|Any CPU
		{13BE2859-FAF9-4B45-9C06-D8255514BEAD}.Release|Any CPU.ActiveCfg = Release|Any CPU
		{13BE2859-FAF9-4B45-9C06-D8255514BEAD}.Release|Any CPU.Build.0 = Release|Any CPU
		{601E062E-0698-4427-8C79-773331EB139B}.Debug|Any CPU.ActiveCfg = Debug|Any CPU
		{601E062E-0698-4427-8C79-773331EB139B}.Debug|Any CPU.Build.0 = Debug|Any CPU
		{601E062E-0698-4427-8C79-773331EB139B}.Release|Any CPU.ActiveCfg = Release|Any CPU
		{601E062E-0698-4427-8C79-773331EB139B}.Release|Any CPU.Build.0 = Release|Any CPU
	EndGlobalSection
EndGlobal
